
Microsoft Visual Studio Solution File, Format Version 12.00
# Visual Studio 15
Project("{FAE04EC0-301F-11D3-BF4B-00C04F79EFBC}") = "ContactSharingXF.Android", "ContactSharingXF.Android\ContactSharingXF.Android.csproj", "{D0794C64-40AE-4C43-9939-FA31A20FC819}"
EndProject
Project("{FAE04EC0-301F-11D3-BF4B-00C04F79EFBC}") = "ContactSharingXF.iOS", "ContactSharingXF.iOS\ContactSharingXF.iOS.csproj", "{8E25073B-90BB-4BE3-AA10-02931465D037}"
EndProject
Project("{FAE04EC0-301F-11D3-BF4B-00C04F79EFBC}") = "ContactSharingXF", "ContactSharingXF\ContactSharingXF.csproj", "{2DB6B258-0712-4DFC-A989-02903110B5F5}"
EndProject
Global
	GlobalSection(SolutionConfigurationPlatforms) = preSolution
		Debug|Any CPU = Debug|Any CPU
		Release|Any CPU = Release|Any CPU
		Debug|iPhoneSimulator = Debug|iPhoneSimulator
		Release|iPhoneSimulator = Release|iPhoneSimulator
		Debug|iPhone = Debug|iPhone
		Release|iPhone = Release|iPhone
	EndGlobalSection
	GlobalSection(ProjectConfigurationPlatforms) = postSolution
		{D0794C64-40AE-4C43-9939-FA31A20FC819}.Debug|Any CPU.ActiveCfg = Debug|Any CPU
		{D0794C64-40AE-4C43-9939-FA31A20FC819}.Debug|Any CPU.Build.0 = Debug|Any CPU
		{D0794C64-40AE-4C43-9939-FA31A20FC819}.Release|Any CPU.ActiveCfg = Release|Any CPU
		{D0794C64-40AE-4C43-9939-FA31A20FC819}.Release|Any CPU.Build.0 = Release|Any CPU
		{D0794C64-40AE-4C43-9939-FA31A20FC819}.Debug|iPhoneSimulator.ActiveCfg = Debug|Any CPU
		{D0794C64-40AE-4C43-9939-FA31A20FC819}.Debug|iPhoneSimulator.Build.0 = Debug|Any CPU
		{D0794C64-40AE-4C43-9939-FA31A20FC819}.Release|iPhoneSimulator.ActiveCfg = Release|Any CPU
		{D0794C64-40AE-4C43-9939-FA31A20FC819}.Release|iPhoneSimulator.Build.0 = Release|Any CPU
		{D0794C64-40AE-4C43-9939-FA31A20FC819}.Debug|iPhone.ActiveCfg = Debug|Any CPU
		{D0794C64-40AE-4C43-9939-FA31A20FC819}.Debug|iPhone.Build.0 = Debug|Any CPU
		{D0794C64-40AE-4C43-9939-FA31A20FC819}.Release|iPhone.ActiveCfg = Release|Any CPU
		{D0794C64-40AE-4C43-9939-FA31A20FC819}.Release|iPhone.Build.0 = Release|Any CPU
		{8E25073B-90BB-4BE3-AA10-02931465D037}.Debug|Any CPU.ActiveCfg = Debug|iPhoneSimulator
		{8E25073B-90BB-4BE3-AA10-02931465D037}.Debug|Any CPU.Build.0 = Debug|iPhoneSimulator
		{8E25073B-90BB-4BE3-AA10-02931465D037}.Release|Any CPU.ActiveCfg = Release|iPhoneSimulator
		{8E25073B-90BB-4BE3-AA10-02931465D037}.Release|Any CPU.Build.0 = Release|iPhoneSimulator
		{8E25073B-90BB-4BE3-AA10-02931465D037}.Debug|iPhoneSimulator.ActiveCfg = Debug|iPhoneSimulator
		{8E25073B-90BB-4BE3-AA10-02931465D037}.Debug|iPhoneSimulator.Build.0 = Debug|iPhoneSimulator
		{8E25073B-90BB-4BE3-AA10-02931465D037}.Release|iPhoneSimulator.ActiveCfg = Release|iPhoneSimulator
		{8E25073B-90BB-4BE3-AA10-02931465D037}.Release|iPhoneSimulator.Build.0 = Release|iPhoneSimulator
		{8E25073B-90BB-4BE3-AA10-02931465D037}.Debug|iPhone.ActiveCfg = Debug|iPhone
		{8E25073B-90BB-4BE3-AA10-02931465D037}.Debug|iPhone.Build.0 = Debug|iPhone
		{8E25073B-90BB-4BE3-AA10-02931465D037}.Release|iPhone.ActiveCfg = Release|iPhone
		{8E25073B-90BB-4BE3-AA10-02931465D037}.Release|iPhone.Build.0 = Release|iPhone
		{2DB6B258-0712-4DFC-A989-02903110B5F5}.Debug|Any CPU.ActiveCfg = Debug|Any CPU
		{2DB6B258-0712-4DFC-A989-02903110B5F5}.Debug|Any CPU.Build.0 = Debug|Any CPU
		{2DB6B258-0712-4DFC-A989-02903110B5F5}.Release|Any CPU.ActiveCfg = Release|Any CPU
		{2DB6B258-0712-4DFC-A989-02903110B5F5}.Release|Any CPU.Build.0 = Release|Any CPU
		{2DB6B258-0712-4DFC-A989-02903110B5F5}.Debug|iPhoneSimulator.ActiveCfg = Debug|Any CPU
		{2DB6B258-0712-4DFC-A989-02903110B5F5}.Debug|iPhoneSimulator.Build.0 = Debug|Any CPU
		{2DB6B258-0712-4DFC-A989-02903110B5F5}.Release|iPhoneSimulator.ActiveCfg = Release|Any CPU
		{2DB6B258-0712-4DFC-A989-02903110B5F5}.Release|iPhoneSimulator.Build.0 = Release|Any CPU
		{2DB6B258-0712-4DFC-A989-02903110B5F5}.Debug|iPhone.ActiveCfg = Debug|Any CPU
		{2DB6B258-0712-4DFC-A989-02903110B5F5}.Debug|iPhone.Build.0 = Debug|Any CPU
		{2DB6B258-0712-4DFC-A989-02903110B5F5}.Release|iPhone.ActiveCfg = Release|Any CPU
		{2DB6B258-0712-4DFC-A989-02903110B5F5}.Release|iPhone.Build.0 = Release|Any CPU
	EndGlobalSection
EndGlobal
